
Microsoft Visual Studio Solution File, Format Version 12.00
# Visual Studio Version 17
VisualStudioVersion = 17.7.34031.279
MinimumVisualStudioVersion = 10.0.40219.1
Project("{9A19103F-16F7-4668-BE54-9A1E7A4F7556}") = "Goldie", "Goldie\Goldie.csproj", "{8583638D-0ADF-4C6F-B8C9-59ECE5AE7054}"
EndProject
Global
	GlobalSection(SolutionConfigurationPlatforms) = preSolution
		Debug|Any CPU = Debug|Any CPU
		Release|Any CPU = Release|Any CPU
	EndGlobalSection
	GlobalSection(ProjectConfigurationPlatforms) = postSolution
		{8583638D-0ADF-4C6F-B8C9-59ECE5AE7054}.Debug|Any CPU.ActiveCfg = Debug|Any CPU
		{8583638D-0ADF-4C6F-B8C9-59ECE5AE7054}.Debug|Any CPU.Build.0 = Debug|Any CPU
		{8583638D-0ADF-4C6F-B8C9-59ECE5AE7054}.Release|Any CPU.ActiveCfg = Release|Any CPU
		{8583638D-0ADF-4C6F-B8C9-59ECE5AE7054}.Release|Any CPU.Build.0 = Release|Any CPU
	EndGlobalSection
	GlobalSection(SolutionProperties) = preSolution
		HideSolutionNode = FALSE
	EndGlobalSection
	GlobalSection(ExtensibilityGlobals) = postSolution
		SolutionGuid = {82A0766A-B3BB-467B-AF10-587BDA794B94}
	EndGlobalSection
EndGlobal
